{
  "name": "dto",
  "lockfileVersion": 3,
  "requires": true,
  "packages": {
    "": {
      "name": "dto",
      "dependencies": {
        "@es-toolkit/es-toolkit": "npm:@jsr/es-toolkit__es-toolkit@^1.20.0-dev.629+fd119dd2",
        "@std/assert": "npm:@jsr/std__assert@^1.0.4",
        "@std/jsonc": "npm:@jsr/std__jsonc@^1.0.1",
        "@std/path": "npm:@jsr/std__path@^1.0.6",
        "@std/yaml": "npm:@jsr/std__yaml@^1.0.5"
      },
      "devDependencies": {
        "@cross/runtime": "npm:@jsr/cross__runtime@^1.1.0",
        "@cross/test": "npm:@jsr/cross__test@^0.0.9",
        "@types/node": "latest"
      },
      "peerDependencies": {
        "typescript": "^5.0.0"
      }
    },
    "node_modules/@cross/runtime": {
      "name": "@jsr/cross__runtime",
      "version": "1.1.0",
      "resolved": "https://npm.jsr.io/~/11/@jsr/cross__runtime/1.1.0.tgz",
      "integrity": "sha512-GGvdy7fGJP4owjp6uQDFbfawuQJrwNJzb2gfotW9wfxtXDfyL5ukPXnHWQwsMF0rUpb5luhuG5r9/h8teYH7lw==",
      "dev": true
    },
    "node_modules/@cross/test": {
      "name": "@jsr/cross__test",
      "version": "0.0.9",
      "resolved": "https://npm.jsr.io/~/11/@jsr/cross__test/0.0.9.tgz",
      "integrity": "sha512-zwDSXQHw8n6k/gBj1Q67Td34Lb1PfkzLTggXnNZzcRO9SxcdAlzyOKFCF62kTFM7ZjVPqYvqu2gHzMLtj6cayw==",
      "dev": true,
      "dependencies": {
        "@jsr/cross__runtime": "^1.0.0"
      }
    },
    "node_modules/@es-toolkit/es-toolkit": {
      "name": "@jsr/es-toolkit__es-toolkit",
      "version": "1.20.0-dev.629+fd119dd2",
      "resolved": "https://npm.jsr.io/~/11/@jsr/es-toolkit__es-toolkit/1.20.0-dev.629+fd119dd2.tgz",
      "integrity": "sha512-tX8vmvTBviiV9Ig/VJvcVpUoeX7mej9SvF0lhxZcKUnhwDlCp19TWcudBmAaiR+l6d7iiNZ9SqLMrEAUaR6mVg=="
    },
    "node_modules/@jsr/cross__runtime": {
      "version": "1.1.0",
      "resolved": "https://npm.jsr.io/~/11/@jsr/cross__runtime/1.1.0.tgz",
      "integrity": "sha512-GGvdy7fGJP4owjp6uQDFbfawuQJrwNJzb2gfotW9wfxtXDfyL5ukPXnHWQwsMF0rUpb5luhuG5r9/h8teYH7lw==",
      "dev": true
    },
    "node_modules/@jsr/std__bytes": {
      "version": "1.0.2",
      "resolved": "https://npm.jsr.io/~/11/@jsr/std__bytes/1.0.2.tgz",
      "integrity": "sha512-bkZ1rllRB1qsxFbPqtO1VAYTW2+3ZDmf6pcy8xihKS33r0Z1ly6/E/5DoapnJsNy05LdnANUySWt5kj/awgGdg=="
    },
    "node_modules/@jsr/std__internal": {
      "version": "1.0.3",
      "resolved": "https://npm.jsr.io/~/11/@jsr/std__internal/1.0.3.tgz",
      "integrity": "sha512-6R6UBR4hz0uwYkoYR2KmKj9r8kI1IbbVF8Yxvl0YwE4U8k3YzeCoG1MB/2GjoVNxWyn/bhj0UZSCz7jJb1P0zA=="
    },
    "node_modules/@jsr/std__json": {
      "version": "1.0.0",
      "resolved": "https://npm.jsr.io/~/11/@jsr/std__json/1.0.0.tgz",
      "integrity": "sha512-5vqiLuEOQnY0wInN3bj0u+LdUvc8nGPqO/qTokz3ceRS0vX/E2bPXlT5BssXeDwxcd80ndrUghwxOP7QgSBZig==",
      "dependencies": {
        "@jsr/std__streams": "^1.0.0"
      }
    },
    "node_modules/@jsr/std__streams": {
      "version": "1.0.4",
      "resolved": "https://npm.jsr.io/~/11/@jsr/std__streams/1.0.4.tgz",
      "integrity": "sha512-OOkJOusifx1YZR9sincMdRFONLne/1slhVWWa+/mV8nKDOFQZddrThpFqUDPV/riupWJglYVRxFHgjnrWNbyVw==",
      "dependencies": {
        "@jsr/std__bytes": "^1.0.2"
      }
    },
    "node_modules/@std/assert": {
      "name": "@jsr/std__assert",
      "version": "1.0.4",
      "resolved": "https://npm.jsr.io/~/11/@jsr/std__assert/1.0.4.tgz",
      "integrity": "sha512-AQPIxIpiYVfe652XHa9jjCEAyUcGeAPTPrGoBdlnN9i2gTJUb1jzBAnM+ZkpQyEBg0JuwI0UPW+7/9tNJiay/A==",
      "dependencies": {
        "@jsr/std__internal": "^1.0.3"
      }
    },
    "node_modules/@std/jsonc": {
      "name": "@jsr/std__jsonc",
      "version": "1.0.1",
      "resolved": "https://npm.jsr.io/~/11/@jsr/std__jsonc/1.0.1.tgz",
      "integrity": "sha512-fQTEKMCiRWdecz0RE2+6KXIjo0sxpyiMBrx4jhNXvTmCytylC2vMzfHZcL1qbYrc3sEdV8v/WVxP0fnbIxsHiQ==",
      "dependencies": {
        "@jsr/std__json": "^1.0.0"
      }
    },
    "node_modules/@std/path": {
      "name": "@jsr/std__path",
      "version": "1.0.6",
      "resolved": "https://npm.jsr.io/~/11/@jsr/std__path/1.0.6.tgz",
      "integrity": "sha512-A8WmQshHm5W5jN1OO24qH0VHWVv6vvmUzJiODKvvIUW1jNGVf04b86b9XWMoZPwlMEHq1mGgxWN9AuXY0CY2yg=="
    },
    "node_modules/@std/yaml": {
      "name": "@jsr/std__yaml",
      "version": "1.0.5",
      "resolved": "https://npm.jsr.io/~/11/@jsr/std__yaml/1.0.5.tgz",
      "integrity": "sha512-jbh2xwnja+ar+7NE0oDTlbST1WW29dAQOKX8+1DZgdT54NVt9lZ9YVDrzh4uP1w6ZHVirtY0z99BSym0v+Zh4Q=="
    },
    "node_modules/@types/node": {
      "version": "22.5.4",
      "resolved": "https://registry.npmjs.org/@types/node/-/node-22.5.4.tgz",
      "integrity": "sha512-FDuKUJQm/ju9fT/SeX/6+gBzoPzlVCzfzmGkwKvRHQVxi4BntVbyIwf6a4Xn62mrvndLiml6z/UBXIdEVjQLXg==",
      "dev": true,
      "license": "MIT",
      "dependencies": {
        "undici-types": "~6.19.2"
      }
    },
    "node_modules/typescript": {
      "version": "5.5.4",
      "resolved": "https://registry.npmjs.org/typescript/-/typescript-5.5.4.tgz",
      "integrity": "sha512-Mtq29sKDAEYP7aljRgtPOpTvOfbwRWlS6dPRzwjdE+C0R4brX/GUyhHSecbHMFLNBLcJIPt9nl9yG5TZ1weH+Q==",
      "license": "Apache-2.0",
      "peer": true,
      "bin": {
        "tsc": "bin/tsc",
        "tsserver": "bin/tsserver"
      },
      "engines": {
        "node": ">=14.17"
      }
    },
    "node_modules/undici-types": {
      "version": "6.19.8",
      "resolved": "https://registry.npmjs.org/undici-types/-/undici-types-6.19.8.tgz",
      "integrity": "sha512-ve2KP6f/JnbPBFyobGHuerC9g1FYGn/F8n1LWTwNxCEzd6IfqTwUQcNXgEtmmQ6DlRrC1hrSrBnCZPokRrDHjw==",
      "dev": true,
      "license": "MIT"
    }
  }
}
